
Microsoft Visual Studio Solution File, Format Version 12.00
# Visual Studio Version 16
VisualStudioVersion = 16.0.29728.190
MinimumVisualStudioVersion = 10.0.40219.1
Project("{8BC9CEB8-8B4A-11D0-8D11-00A0C91BC942}") = "Game_HW1", "Game_HW1\Game_HW1.vcxproj", "{D576550E-C915-45B4-BCF5-4DDAA8496EFD}"
EndProject
Global
	GlobalSection(SolutionConfigurationPlatforms) = preSolution
		Debug|x64 = Debug|x64
		Debug|x86 = Debug|x86
		Release|x64 = Release|x64
		Release|x86 = Release|x86
	EndGlobalSection
	GlobalSection(ProjectConfigurationPlatforms) = postSolution
		{D576550E-C915-45B4-BCF5-4DDAA8496EFD}.Debug|x64.ActiveCfg = Debug|x64
		{D576550E-C915-45B4-BCF5-4DDAA8496EFD}.Debug|x64.Build.0 = Debug|x64
		{D576550E-C915-45B4-BCF5-4DDAA8496EFD}.Debug|x86.ActiveCfg = Debug|Win32
		{D576550E-C915-45B4-BCF5-4DDAA8496EFD}.Debug|x86.Build.0 = Debug|Win32
		{D576550E-C915-45B4-BCF5-4DDAA8496EFD}.Release|x64.ActiveCfg = Release|x64
		{D576550E-C915-45B4-BCF5-4DDAA8496EFD}.Release|x64.Build.0 = Release|x64
		{D576550E-C915-45B4-BCF5-4DDAA8496EFD}.Release|x86.ActiveCfg = Release|Win32
		{D576550E-C915-45B4-BCF5-4DDAA8496EFD}.Release|x86.Build.0 = Release|Win32
	EndGlobalSection
	GlobalSection(SolutionProperties) = preSolution
		HideSolutionNode = FALSE
	EndGlobalSection
	GlobalSection(ExtensibilityGlobals) = postSolution
		SolutionGuid = {5D46E3CE-58C1-44AF-BBC6-2EBDFDB3EE66}
	EndGlobalSection
EndGlobal
